// !$*UTF8*$!
{
	archiveVersion = 1;
	classes = {
	};
	objectVersion = 56;
	objects = {

/* Begin PBXBuildFile section */
		47507005285EFB0400DAFC06 /* UI_591App.swift in Sources */ = {isa = PBXBuildFile; fileRef = 47507004285EFB0400DAFC06 /* UI_591App.swift */; };
		47507007285EFB0400DAFC06 /* ContentView.swift in Sources */ = {isa = PBXBuildFile; fileRef = 47507006285EFB0400DAFC06 /* ContentView.swift */; };
		47507009285EFB0400DAFC06 /* Assets.xcassets in Resources */ = {isa = PBXBuildFile; fileRef = 47507008285EFB0400DAFC06 /* Assets.xcassets */; };
		4750700C285EFB0400DAFC06 /* Preview Assets.xcassets in Resources */ = {isa = PBXBuildFile; fileRef = 4750700B285EFB0400DAFC06 /* Preview Assets.xcassets */; };
		47507016285EFB0500DAFC06 /* UI_591Tests.swift in Sources */ = {isa = PBXBuildFile; fileRef = 47507015285EFB0500DAFC06 /* UI_591Tests.swift */; };
		47507020285EFB0500DAFC06 /* UI_591UITests.swift in Sources */ = {isa = PBXBuildFile; fileRef = 4750701F285EFB0500DAFC06 /* UI_591UITests.swift */; };
		47507022285EFB0500DAFC06 /* UI_591UITestsLaunchTests.swift in Sources */ = {isa = PBXBuildFile; fileRef = 47507021285EFB0500DAFC06 /* UI_591UITestsLaunchTests.swift */; };
		47507031285EFB1100DAFC06 /* Album.swift in Sources */ = {isa = PBXBuildFile; fileRef = 47507030285EFB1100DAFC06 /* Album.swift */; };
		47507033285EFB6400DAFC06 /* Home.swift in Sources */ = {isa = PBXBuildFile; fileRef = 47507032285EFB6400DAFC06 /* Home.swift */; };
		47507036285EFDB600DAFC06 /* Extentions.swift in Sources */ = {isa = PBXBuildFile; fileRef = 47507035285EFDB600DAFC06 /* Extentions.swift */; };
/* End PBXBuildFile section */

/* Begin PBXContainerItemProxy section */
		47507012285EFB0500DAFC06 /* PBXContainerItemProxy */ = {
			isa = PBXContainerItemProxy;
			containerPortal = 47506FF9285EFB0400DAFC06 /* Project object */;
			proxyType = 1;
			remoteGlobalIDString = 47507000285EFB0400DAFC06;
			remoteInfo = "UI-591";
		};
		4750701C285EFB0500DAFC06 /* PBXContainerItemProxy */ = {
			isa = PBXContainerItemProxy;
			containerPortal = 47506FF9285EFB0400DAFC06 /* Project object */;
			proxyType = 1;
			remoteGlobalIDString = 47507000285EFB0400DAFC06;
			remoteInfo = "UI-591";
		};
/* End PBXContainerItemProxy section */

/* Begin PBXFileReference section */
		47507001285EFB0400DAFC06 /* UI-591.app */ = {isa = PBXFileReference; explicitFileType = wrapper.application; includeInIndex = 0; path = "UI-591.app"; sourceTree = BUILT_PRODUCTS_DIR; };
		47507004285EFB0400DAFC06 /* UI_591App.swift */ = {isa = PBXFileReference; lastKnownFileType = sourcecode.swift; path = UI_591App.swift; sourceTree = "<group>"; };
		47507006285EFB0400DAFC06 /* ContentView.swift */ = {isa = PBXFileReference; lastKnownFileType = sourcecode.swift; path = ContentView.swift; sourceTree = "<group>"; };
		47507008285EFB0400DAFC06 /* Assets.xcassets */ = {isa = PBXFileReference; lastKnownFileType = folder.assetcatalog; path = Assets.xcassets; sourceTree = "<group>"; };
		4750700B285EFB0400DAFC06 /* Preview Assets.xcassets */ = {isa = PBXFileReference; lastKnownFileType = folder.assetcatalog; path = "Preview Assets.xcassets"; sourceTree = "<group>"; };
		47507011285EFB0500DAFC06 /* UI-591Tests.xctest */ = {isa = PBXFileReference; explicitFileType = wrapper.cfbundle; includeInIndex = 0; path = "UI-591Tests.xctest"; sourceTree = BUILT_PRODUCTS_DIR; };
		47507015285EFB0500DAFC06 /* UI_591Tests.swift */ = {isa = PBXFileReference; lastKnownFileType = sourcecode.swift; path = UI_591Tests.swift; sourceTree = "<group>"; };
		4750701B285EFB0500DAFC06 /* UI-591UITests.xctest */ = {isa = PBXFileReference; explicitFileType = wrapper.cfbundle; includeInIndex = 0; path = "UI-591UITests.xctest"; sourceTree = BUILT_PRODUCTS_DIR; };
		4750701F285EFB0500DAFC06 /* UI_591UITests.swift */ = {isa = PBXFileReference; lastKnownFileType = sourcecode.swift; path = UI_591UITests.swift; sourceTree = "<group>"; };
		47507021285EFB0500DAFC06 /* UI_591UITestsLaunchTests.swift */ = {isa = PBXFileReference; lastKnownFileType = sourcecode.swift; path = UI_591UITestsLaunchTests.swift; sourceTree = "<group>"; };
		47507030285EFB1100DAFC06 /* Album.swift */ = {isa = PBXFileReference; lastKnownFileType = sourcecode.swift; path = Album.swift; sourceTree = "<group>"; };
		47507032285EFB6400DAFC06 /* Home.swift */ = {isa = PBXFileReference; lastKnownFileType = sourcecode.swift; path = Home.swift; sourceTree = "<group>"; };
		47507035285EFDB600DAFC06 /* Extentions.swift */ = {isa = PBXFileReference; lastKnownFileType = sourcecode.swift; path = Extentions.swift; sourceTree = "<group>"; };
/* End PBXFileReference section */

/* Begin PBXFrameworksBuildPhase section */
		47506FFE285EFB0400DAFC06 /* Frameworks */ = {
			isa = PBXFrameworksBuildPhase;
			buildActionMask = 2147483647;
			files = (
			);
			runOnlyForDeploymentPostprocessing = 0;
		};
		4750700E285EFB0500DAFC06 /* Frameworks */ = {
			isa = PBXFrameworksBuildPhase;
			buildActionMask = 2147483647;
			files = (
			);
			runOnlyForDeploymentPostprocessing = 0;
		};
		47507018285EFB0500DAFC06 /* Frameworks */ = {
			isa = PBXFrameworksBuildPhase;
			buildActionMask = 2147483647;
			files = (
			);
			runOnlyForDeploymentPostprocessing = 0;
		};
/* End PBXFrameworksBuildPhase section */

/* Begin PBXGroup section */
		47506FF8285EFB0400DAFC06 = {
			isa = PBXGroup;
			children = (
				47507003285EFB0400DAFC06 /* UI-591 */,
				47507014285EFB0500DAFC06 /* UI-591Tests */,
				4750701E285EFB0500DAFC06 /* UI-591UITests */,
				47507002285EFB0400DAFC06 /* Products */,
			);
			sourceTree = "<group>";
		};
		47507002285EFB0400DAFC06 /* Products */ = {
			isa = PBXGroup;
			children = (
				47507001285EFB0400DAFC06 /* UI-591.app */,
				47507011285EFB0500DAFC06 /* UI-591Tests.xctest */,
				4750701B285EFB0500DAFC06 /* UI-591UITests.xctest */,
			);
			name = Products;
			sourceTree = "<group>";
		};
		47507003285EFB0400DAFC06 /* UI-591 */ = {
			isa = PBXGroup;
			children = (
				4750702F285EFB0D00DAFC06 /* Model */,
				4750702E285EFB0900DAFC06 /* View */,
				47507004285EFB0400DAFC06 /* UI_591App.swift */,
				47507006285EFB0400DAFC06 /* ContentView.swift */,
				47507008285EFB0400DAFC06 /* Assets.xcassets */,
				4750700A285EFB0400DAFC06 /* Preview Content */,
			);
			path = "UI-591";
			sourceTree = "<group>";
		};
		4750700A285EFB0400DAFC06 /* Preview Content */ = {
			isa = PBXGroup;
			children = (
				4750700B285EFB0400DAFC06 /* Preview Assets.xcassets */,
			);
			path = "Preview Content";
			sourceTree = "<group>";
		};
		47507014285EFB0500DAFC06 /* UI-591Tests */ = {
			isa = PBXGroup;
			children = (
				47507015285EFB0500DAFC06 /* UI_591Tests.swift */,
			);
			path = "UI-591Tests";
			sourceTree = "<group>";
		};
		4750701E285EFB0500DAFC06 /* UI-591UITests */ = {
			isa = PBXGroup;
			children = (
				4750701F285EFB0500DAFC06 /* UI_591UITests.swift */,
				47507021285EFB0500DAFC06 /* UI_591UITestsLaunchTests.swift */,
			);
			path = "UI-591UITests";
			sourceTree = "<group>";
		};
		4750702E285EFB0900DAFC06 /* View */ = {
			isa = PBXGroup;
			children = (
				47507034285EFDAE00DAFC06 /* Helpers */,
				47507032285EFB6400DAFC06 /* Home.swift */,
			);
			path = View;
			sourceTree = "<group>";
		};
		4750702F285EFB0D00DAFC06 /* Model */ = {
			isa = PBXGroup;
			children = (
				47507030285EFB1100DAFC06 /* Album.swift */,
			);
			path = Model;
			sourceTree = "<group>";
		};
		47507034285EFDAE00DAFC06 /* Helpers */ = {
			isa = PBXGroup;
			children = (
				47507035285EFDB600DAFC06 /* Extentions.swift */,
			);
			path = Helpers;
			sourceTree = "<group>";
		};
/* End PBXGroup section */

/* Begin PBXNativeTarget section */
		47507000285EFB0400DAFC06 /* UI-591 */ = {
			isa = PBXNativeTarget;
			buildConfigurationList = 47507025285EFB0500DAFC06 /* Build configuration list for PBXNativeTarget "UI-591" */;
			buildPhases = (
				47506FFD285EFB0400DAFC06 /* Sources */,
				47506FFE285EFB0400DAFC06 /* Frameworks */,
				47506FFF285EFB0400DAFC06 /* Resources */,
			);
			buildRules = (
			);
			dependencies = (
			);
			name = "UI-591";
			productName = "UI-591";
			productReference = 47507001285EFB0400DAFC06 /* UI-591.app */;
			productType = "com.apple.product-type.application";
		};
		47507010285EFB0500DAFC06 /* UI-591Tests */ = {
			isa = PBXNativeTarget;
			buildConfigurationList = 47507028285EFB0500DAFC06 /* Build configuration list for PBXNativeTarget "UI-591Tests" */;
			buildPhases = (
				4750700D285EFB0500DAFC06 /* Sources */,
				4750700E285EFB0500DAFC06 /* Frameworks */,
				4750700F285EFB0500DAFC06 /* Resources */,
			);
			buildRules = (
			);
			dependencies = (
				47507013285EFB0500DAFC06 /* PBXTargetDependency */,
			);
			name = "UI-591Tests";
			productName = "UI-591Tests";
			productReference = 47507011285EFB0500DAFC06 /* UI-591Tests.xctest */;
			productType = "com.apple.product-type.bundle.unit-test";
		};
		4750701A285EFB0500DAFC06 /* UI-591UITests */ = {
			isa = PBXNativeTarget;
			buildConfigurationList = 4750702B285EFB0500DAFC06 /* Build configuration list for PBXNativeTarget "UI-591UITests" */;
			buildPhases = (
				47507017285EFB0500DAFC06 /* Sources */,
				47507018285EFB0500DAFC06 /* Frameworks */,
				47507019285EFB0500DAFC06 /* Resources */,
			);
			buildRules = (
			);
			dependencies = (
				4750701D285EFB0500DAFC06 /* PBXTargetDependency */,
			);
			name = "UI-591UITests";
			productName = "UI-591UITests";
			productReference = 4750701B285EFB0500DAFC06 /* UI-591UITests.xctest */;
			productType = "com.apple.product-type.bundle.ui-testing";
		};
/* End PBXNativeTarget section */

/* Begin PBXProject section */
		47506FF9285EFB0400DAFC06 /* Project object */ = {
			isa = PBXProject;
			attributes = {
				BuildIndependentTargetsInParallel = 1;
				LastSwiftUpdateCheck = 1400;
				LastUpgradeCheck = 1400;
				TargetAttributes = {
					47507000285EFB0400DAFC06 = {
						CreatedOnToolsVersion = 14.0;
					};
					47507010285EFB0500DAFC06 = {
						CreatedOnToolsVersion = 14.0;
						TestTargetID = 47507000285EFB0400DAFC06;
					};
					4750701A285EFB0500DAFC06 = {
						CreatedOnToolsVersion = 14.0;
						TestTargetID = 47507000285EFB0400DAFC06;
					};
				};
			};
			buildConfigurationList = 47506FFC285EFB0400DAFC06 /* Build configuration list for PBXProject "UI-591" */;
			compatibilityVersion = "Xcode 14.0";
			developmentRegion = en;
			hasScannedForEncodings = 0;
			knownRegions = (
				en,
				Base,
			);
			mainGroup = 47506FF8285EFB0400DAFC06;
			productRefGroup = 47507002285EFB0400DAFC06 /* Products */;
			projectDirPath = "";
			projectRoot = "";
			targets = (
				47507000285EFB0400DAFC06 /* UI-591 */,
				47507010285EFB0500DAFC06 /* UI-591Tests */,
				4750701A285EFB0500DAFC06 /* UI-591UITests */,
			);
		};
/* End PBXProject section */

/* Begin PBXResourcesBuildPhase section */
		47506FFF285EFB0400DAFC06 /* Resources */ = {
			isa = PBXResourcesBuildPhase;
			buildActionMask = 2147483647;
			files = (
				4750700C285EFB0400DAFC06 /* Preview Assets.xcassets in Resources */,
				47507009285EFB0400DAFC06 /* Assets.xcassets in Resources */,
			);
			runOnlyForDeploymentPostprocessing = 0;
		};
		4750700F285EFB0500DAFC06 /* Resources */ = {
			isa = PBXResourcesBuildPhase;
			buildActionMask = 2147483647;
			files = (
			);
			runOnlyForDeploymentPostprocessing = 0;
		};
		47507019285EFB0500DAFC06 /* Resources */ = {
			isa = PBXResourcesBuildPhase;
			buildActionMask = 2147483647;
			files = (
			);
			runOnlyForDeploymentPostprocessing = 0;
		};
/* End PBXResourcesBuildPhase section */

/* Begin PBXSourcesBuildPhase section */
		47506FFD285EFB0400DAFC06 /* Sources */ = {
			isa = PBXSourcesBuildPhase;
			buildActionMask = 2147483647;
			files = (
				47507007285EFB0400DAFC06 /* ContentView.swift in Sources */,
				47507005285EFB0400DAFC06 /* UI_591App.swift in Sources */,
				47507036285EFDB600DAFC06 /* Extentions.swift in Sources */,
				47507033285EFB6400DAFC06 /* Home.swift in Sources */,
				47507031285EFB1100DAFC06 /* Album.swift in Sources */,
			);
			runOnlyForDeploymentPostprocessing = 0;
		};
		4750700D285EFB0500DAFC06 /* Sources */ = {
			isa = PBXSourcesBuildPhase;
			buildActionMask = 2147483647;
			files = (
				47507016285EFB0500DAFC06 /* UI_591Tests.swift in Sources */,
			);
			runOnlyForDeploymentPostprocessing = 0;
		};
		47507017285EFB0500DAFC06 /* Sources */ = {
			isa = PBXSourcesBuildPhase;
			buildActionMask = 2147483647;
			files = (
				47507022285EFB0500DAFC06 /* UI_591UITestsLaunchTests.swift in Sources */,
				47507020285EFB0500DAFC06 /* UI_591UITests.swift in Sources */,
			);
			runOnlyForDeploymentPostprocessing = 0;
		};
/* End PBXSourcesBuildPhase section */

/* Begin PBXTargetDependency section */
		47507013285EFB0500DAFC06 /* PBXTargetDependency */ = {
			isa = PBXTargetDependency;
			target = 47507000285EFB0400DAFC06 /* UI-591 */;
			targetProxy = 47507012285EFB0500DAFC06 /* PBXContainerItemProxy */;
		};
		4750701D285EFB0500DAFC06 /* PBXTargetDependency */ = {
			isa = PBXTargetDependency;
			target = 47507000285EFB0400DAFC06 /* UI-591 */;
			targetProxy = 4750701C285EFB0500DAFC06 /* PBXContainerItemProxy */;
		};
/* End PBXTargetDependency section */

/* Begin XCBuildConfiguration section */
		47507023285EFB0500DAFC06 /* Debug */ = {
			isa = XCBuildConfiguration;
			buildSettings = {
				ALWAYS_SEARCH_USER_PATHS = NO;
				CLANG_ANALYZER_NONNULL = YES;
				CLANG_ANALYZER_NUMBER_OBJECT_CONVERSION = YES_AGGRESSIVE;
				CLANG_CXX_LANGUAGE_STANDARD = "gnu++17";
				CLANG_ENABLE_MODULES = YES;
				CLANG_ENABLE_OBJC_ARC = YES;
				CLANG_ENABLE_OBJC_WEAK = YES;
				CLANG_WARN_BLOCK_CAPTURE_AUTORELEASING = YES;
				CLANG_WARN_BOOL_CONVERSION = YES;
				CLANG_WARN_COMMA = YES;
				CLANG_WARN_CONSTANT_CONVERSION = YES;
				CLANG_WARN_DEPRECATED_OBJC_IMPLEMENTATIONS = YES;
				CLANG_WARN_DIRECT_OBJC_ISA_USAGE = YES_ERROR;
				CLANG_WARN_DOCUMENTATION_COMMENTS = YES;
				CLANG_WARN_EMPTY_BODY = YES;
				CLANG_WARN_ENUM_CONVERSION = YES;
				CLANG_WARN_INFINITE_RECURSION = YES;
				CLANG_WARN_INT_CONVERSION = YES;
				CLANG_WARN_NON_LITERAL_NULL_CONVERSION = YES;
				CLANG_WARN_OBJC_IMPLICIT_RETAIN_SELF = YES;
				CLANG_WARN_OBJC_LITERAL_CONVERSION = YES;
				CLANG_WARN_OBJC_ROOT_CLASS = YES_ERROR;
				CLANG_WARN_QUOTED_INCLUDE_IN_FRAMEWORK_HEADER = YES;
				CLANG_WARN_RANGE_LOOP_ANALYSIS = YES;
				CLANG_WARN_STRICT_PROTOTYPES = YES;
				CLANG_WARN_SUSPICIOUS_MOVE = YES;
				CLANG_WARN_UNGUARDED_AVAILABILITY = YES_AGGRESSIVE;
				CLANG_WARN_UNREACHABLE_CODE = YES;
				CLANG_WARN__DUPLICATE_METHOD_MATCH = YES;
				COPY_PHASE_STRIP = NO;
				DEBUG_INFORMATION_FORMAT = dwarf;
				ENABLE_STRICT_OBJC_MSGSEND = YES;
				ENABLE_TESTABILITY = YES;
				GCC_C_LANGUAGE_STANDARD = gnu11;
				GCC_DYNAMIC_NO_PIC = NO;
				GCC_NO_COMMON_BLOCKS = YES;
				GCC_OPTIMIZATION_LEVEL = 0;
				GCC_PREPROCESSOR_DEFINITIONS = (
					"DEBUG=1",
					"$(inherited)",
				);
				GCC_WARN_64_TO_32_BIT_CONVERSION = YES;
				GCC_WARN_ABOUT_RETURN_TYPE = YES_ERROR;
				GCC_WARN_UNDECLARED_SELECTOR = YES;
				GCC_WARN_UNINITIALIZED_AUTOS = YES_AGGRESSIVE;
				GCC_WARN_UNUSED_FUNCTION = YES;
				GCC_WARN_UNUSED_VARIABLE = YES;
				IPHONEOS_DEPLOYMENT_TARGET = 16.0;
				MTL_ENABLE_DEBUG_INFO = INCLUDE_SOURCE;
				MTL_FAST_MATH = YES;
				ONLY_ACTIVE_ARCH = YES;
				SDKROOT = iphoneos;
				SWIFT_ACTIVE_COMPILATION_CONDITIONS = DEBUG;
				SWIFT_OPTIMIZATION_LEVEL = "-Onone";
			};
			name = Debug;
		};
		47507024285EFB0500DAFC06 /* Release */ = {
			isa = XCBuildConfiguration;
			buildSettings = {
				ALWAYS_SEARCH_USER_PATHS = NO;
				CLANG_ANALYZER_NONNULL = YES;
				CLANG_ANALYZER_NUMBER_OBJECT_CONVERSION = YES_AGGRESSIVE;
				CLANG_CXX_LANGUAGE_STANDARD = "gnu++17";
				CLANG_ENABLE_MODULES = YES;
				CLANG_ENABLE_OBJC_ARC = YES;
				CLANG_ENABLE_OBJC_WEAK = YES;
				CLANG_WARN_BLOCK_CAPTURE_AUTORELEASING = YES;
				CLANG_WARN_BOOL_CONVERSION = YES;
				CLANG_WARN_COMMA = YES;
				CLANG_WARN_CONSTANT_CONVERSION = YES;
				CLANG_WARN_DEPRECATED_OBJC_IMPLEMENTATIONS = YES;
				CLANG_WARN_DIRECT_OBJC_ISA_USAGE = YES_ERROR;
				CLANG_WARN_DOCUMENTATION_COMMENTS = YES;
				CLANG_WARN_EMPTY_BODY = YES;
				CLANG_WARN_ENUM_CONVERSION = YES;
				CLANG_WARN_INFINITE_RECURSION = YES;
				CLANG_WARN_INT_CONVERSION = YES;
				CLANG_WARN_NON_LITERAL_NULL_CONVERSION = YES;
				CLANG_WARN_OBJC_IMPLICIT_RETAIN_SELF = YES;
				CLANG_WARN_OBJC_LITERAL_CONVERSION = YES;
				CLANG_WARN_OBJC_ROOT_CLASS = YES_ERROR;
				CLANG_WARN_QUOTED_INCLUDE_IN_FRAMEWORK_HEADER = YES;
				CLANG_WARN_RANGE_LOOP_ANALYSIS = YES;
				CLANG_WARN_STRICT_PROTOTYPES = YES;
				CLANG_WARN_SUSPICIOUS_MOVE = YES;
				CLANG_WARN_UNGUARDED_AVAILABILITY = YES_AGGRESSIVE;
				CLANG_WARN_UNREACHABLE_CODE = YES;
				CLANG_WARN__DUPLICATE_METHOD_MATCH = YES;
				COPY_PHASE_STRIP = NO;
				DEBUG_INFORMATION_FORMAT = "dwarf-with-dsym";
				ENABLE_NS_ASSERTIONS = NO;
				ENABLE_STRICT_OBJC_MSGSEND = YES;
				GCC_C_LANGUAGE_STANDARD = gnu11;
				GCC_NO_COMMON_BLOCKS = YES;
				GCC_WARN_64_TO_32_BIT_CONVERSION = YES;
				GCC_WARN_ABOUT_RETURN_TYPE = YES_ERROR;
				GCC_WARN_UNDECLARED_SELECTOR = YES;
				GCC_WARN_UNINITIALIZED_AUTOS = YES_AGGRESSIVE;
				GCC_WARN_UNUSED_FUNCTION = YES;
				GCC_WARN_UNUSED_VARIABLE = YES;
				IPHONEOS_DEPLOYMENT_TARGET = 16.0;
				MTL_ENABLE_DEBUG_INFO = NO;
				MTL_FAST_MATH = YES;
				SDKROOT = iphoneos;
				SWIFT_COMPILATION_MODE = wholemodule;
				SWIFT_OPTIMIZATION_LEVEL = "-O";
				VALIDATE_PRODUCT = YES;
			};
			name = Release;
		};
		47507026285EFB0500DAFC06 /* Debug */ = {
			isa = XCBuildConfiguration;
			buildSettings = {
				ASSETCATALOG_COMPILER_APPICON_NAME = AppIcon;
				ASSETCATALOG_COMPILER_GLOBAL_ACCENT_COLOR_NAME = AccentColor;
				CODE_SIGN_STYLE = Automatic;
				CURRENT_PROJECT_VERSION = 1;
				DEVELOPMENT_ASSET_PATHS = "\"UI-591/Preview Content\"";
				DEVELOPMENT_TEAM = 8CL4U468K5;
				ENABLE_PREVIEWS = YES;
				GENERATE_INFOPLIST_FILE = YES;
				INFOPLIST_KEY_UIApplicationSceneManifest_Generation = YES;
				INFOPLIST_KEY_UIApplicationSupportsIndirectInputEvents = YES;
				INFOPLIST_KEY_UILaunchScreen_Generation = YES;
				INFOPLIST_KEY_UISupportedInterfaceOrientations_iPad = "UIInterfaceOrientationPortrait UIInterfaceOrientationPortraitUpsideDown UIInterfaceOrientationLandscapeLeft UIInterfaceOrientationLandscapeRight";
				INFOPLIST_KEY_UISupportedInterfaceOrientations_iPhone = "UIInterfaceOrientationPortrait UIInterfaceOrientationLandscapeLeft UIInterfaceOrientationLandscapeRight";
				LD_RUNPATH_SEARCH_PATHS = (
					"$(inherited)",
					"@executable_path/Frameworks",
				);
				MARKETING_VERSION = 1.0;
				PRODUCT_BUNDLE_IDENTIFIER = "com.585.UI-591";
				PRODUCT_NAME = "$(TARGET_NAME)";
				SWIFT_EMIT_LOC_STRINGS = YES;
				SWIFT_VERSION = 5.0;
				TARGETED_DEVICE_FAMILY = "1,2";
			};
			name = Debug;
		};
		47507027285EFB0500DAFC06 /* Release */ = {
			isa = XCBuildConfiguration;
			buildSettings = {
				ASSETCATALOG_COMPILER_APPICON_NAME = AppIcon;
				ASSETCATALOG_COMPILER_GLOBAL_ACCENT_COLOR_NAME = AccentColor;
				CODE_SIGN_STYLE = Automatic;
				CURRENT_PROJECT_VERSION = 1;
				DEVELOPMENT_ASSET_PATHS = "\"UI-591/Preview Content\"";
				DEVELOPMENT_TEAM = 8CL4U468K5;
				ENABLE_PREVIEWS = YES;
				GENERATE_INFOPLIST_FILE = YES;
				INFOPLIST_KEY_UIApplicationSceneManifest_Generation = YES;
				INFOPLIST_KEY_UIApplicationSupportsIndirectInputEvents = YES;
				INFOPLIST_KEY_UILaunchScreen_Generation = YES;
				INFOPLIST_KEY_UISupportedInterfaceOrientations_iPad = "UIInterfaceOrientationPortrait UIInterfaceOrientationPortraitUpsideDown UIInterfaceOrientationLandscapeLeft UIInterfaceOrientationLandscapeRight";
				INFOPLIST_KEY_UISupportedInterfaceOrientations_iPhone = "UIInterfaceOrientationPortrait UIInterfaceOrientationLandscapeLeft UIInterfaceOrientationLandscapeRight";
				LD_RUNPATH_SEARCH_PATHS = (
					"$(inherited)",
					"@executable_path/Frameworks",
				);
				MARKETING_VERSION = 1.0;
				PRODUCT_BUNDLE_IDENTIFIER = "com.585.UI-591";
				PRODUCT_NAME = "$(TARGET_NAME)";
				SWIFT_EMIT_LOC_STRINGS = YES;
				SWIFT_VERSION = 5.0;
				TARGETED_DEVICE_FAMILY = "1,2";
			};
			name = Release;
		};
		47507029285EFB0500DAFC06 /* Debug */ = {
			isa = XCBuildConfiguration;
			buildSettings = {
				ALWAYS_EMBED_SWIFT_STANDARD_LIBRARIES = YES;
				BUNDLE_LOADER = "$(TEST_HOST)";
				CODE_SIGN_STYLE = Automatic;
				CURRENT_PROJECT_VERSION = 1;
				DEVELOPMENT_TEAM = 8CL4U468K5;
				GENERATE_INFOPLIST_FILE = YES;
				IPHONEOS_DEPLOYMENT_TARGET = 16.0;
				MARKETING_VERSION = 1.0;
				PRODUCT_BUNDLE_IDENTIFIER = "com.585.UI-591Tests";
				PRODUCT_NAME = "$(TARGET_NAME)";
				SWIFT_EMIT_LOC_STRINGS = NO;
				SWIFT_VERSION = 5.0;
				TARGETED_DEVICE_FAMILY = "1,2";
				TEST_HOST = "$(BUILT_PRODUCTS_DIR)/UI-591.app/$(BUNDLE_EXECUTABLE_FOLDER_PATH)/UI-591";
			};
			name = Debug;
		};
		4750702A285EFB0500DAFC06 /* Release */ = {
			isa = XCBuildConfiguration;
			buildSettings = {
				ALWAYS_EMBED_SWIFT_STANDARD_LIBRARIES = YES;
				BUNDLE_LOADER = "$(TEST_HOST)";
				CODE_SIGN_STYLE = Automatic;
				CURRENT_PROJECT_VERSION = 1;
				DEVELOPMENT_TEAM = 8CL4U468K5;
				GENERATE_INFOPLIST_FILE = YES;
				IPHONEOS_DEPLOYMENT_TARGET = 16.0;
				MARKETING_VERSION = 1.0;
				PRODUCT_BUNDLE_IDENTIFIER = "com.585.UI-591Tests";
				PRODUCT_NAME = "$(TARGET_NAME)";
				SWIFT_EMIT_LOC_STRINGS = NO;
				SWIFT_VERSION = 5.0;
				TARGETED_DEVICE_FAMILY = "1,2";
				TEST_HOST = "$(BUILT_PRODUCTS_DIR)/UI-591.app/$(BUNDLE_EXECUTABLE_FOLDER_PATH)/UI-591";
			};
			name = Release;
		};
		4750702C285EFB0500DAFC06 /* Debug */ = {
			isa = XCBuildConfiguration;
			buildSettings = {
				ALWAYS_EMBED_SWIFT_STANDARD_LIBRARIES = YES;
				CODE_SIGN_STYLE = Automatic;
				CURRENT_PROJECT_VERSION = 1;
				DEVELOPMENT_TEAM = 8CL4U468K5;
				GENERATE_INFOPLIST_FILE = YES;
				MARKETING_VERSION = 1.0;
				PRODUCT_BUNDLE_IDENTIFIER = "com.585.UI-591UITests";
				PRODUCT_NAME = "$(TARGET_NAME)";
				SWIFT_EMIT_LOC_STRINGS = NO;
				SWIFT_VERSION = 5.0;
				TARGETED_DEVICE_FAMILY = "1,2";
				TEST_TARGET_NAME = "UI-591";
			};
			name = Debug;
		};
		4750702D285EFB0500DAFC06 /* Release */ = {
			isa = XCBuildConfiguration;
			buildSettings = {
				ALWAYS_EMBED_SWIFT_STANDARD_LIBRARIES = YES;
				CODE_SIGN_STYLE = Automatic;
				CURRENT_PROJECT_VERSION = 1;
				DEVELOPMENT_TEAM = 8CL4U468K5;
				GENERATE_INFOPLIST_FILE = YES;
				MARKETING_VERSION = 1.0;
				PRODUCT_BUNDLE_IDENTIFIER = "com.585.UI-591UITests";
				PRODUCT_NAME = "$(TARGET_NAME)";
				SWIFT_EMIT_LOC_STRINGS = NO;
				SWIFT_VERSION = 5.0;
				TARGETED_DEVICE_FAMILY = "1,2";
				TEST_TARGET_NAME = "UI-591";
			};
			name = Release;
		};
/* End XCBuildConfiguration section */

/* Begin XCConfigurationList section */
		47506FFC285EFB0400DAFC06 /* Build configuration list for PBXProject "UI-591" */ = {
			isa = XCConfigurationList;
			buildConfigurations = (
				47507023285EFB0500DAFC06 /* Debug */,
				47507024285EFB0500DAFC06 /* Release */,
			);
			defaultConfigurationIsVisible = 0;
			defaultConfigurationName = Release;
		};
		47507025285EFB0500DAFC06 /* Build configuration list for PBXNativeTarget "UI-591" */ = {
			isa = XCConfigurationList;
			buildConfigurations = (
				47507026285EFB0500DAFC06 /* Debug */,
				47507027285EFB0500DAFC06 /* Release */,
			);
			defaultConfigurationIsVisible = 0;
			defaultConfigurationName = Release;
		};
		47507028285EFB0500DAFC06 /* Build configuration list for PBXNativeTarget "UI-591Tests" */ = {
			isa = XCConfigurationList;
			buildConfigurations = (
				47507029285EFB0500DAFC06 /* Debug */,
				4750702A285EFB0500DAFC06 /* Release */,
			);
			defaultConfigurationIsVisible = 0;
			defaultConfigurationName = Release;
		};
		4750702B285EFB0500DAFC06 /* Build configuration list for PBXNativeTarget "UI-591UITests" */ = {
			isa = XCConfigurationList;
			buildConfigurations = (
				4750702C285EFB0500DAFC06 /* Debug */,
				4750702D285EFB0500DAFC06 /* Release */,
			);
			defaultConfigurationIsVisible = 0;
			defaultConfigurationName = Release;
		};
/* End XCConfigurationList section */
	};
	rootObject = 47506FF9285EFB0400DAFC06 /* Project object */;
}
